// !$*UTF8*$!
{
	archiveVersion = 1;
	classes = {
	};
	objectVersion = 46;
	objects = {

/* Begin PBXBuildFile section */
		3A4014A6193A44F40017D9CF /* Foundation.framework in Frameworks */ = {isa = PBXBuildFile; fileRef = 3A4014A5193A44F40017D9CF /* Foundation.framework */; };
		3A4014B4193A44F40017D9CF /* XCTest.framework in Frameworks */ = {isa = PBXBuildFile; fileRef = 3A4014B3193A44F40017D9CF /* XCTest.framework */; };
		3A4014B5193A44F40017D9CF /* Foundation.framework in Frameworks */ = {isa = PBXBuildFile; fileRef = 3A4014A5193A44F40017D9CF /* Foundation.framework */; };
		3A4014B7193A44F40017D9CF /* UIKit.framework in Frameworks */ = {isa = PBXBuildFile; fileRef = 3A4014B6193A44F40017D9CF /* UIKit.framework */; };
		3A4014BA193A44F40017D9CF /* libSKMech.a in Frameworks */ = {isa = PBXBuildFile; fileRef = 3A4014A2193A44F40017D9CF /* libSKMech.a */; };
		3A4014C0193A44F40017D9CF /* InfoPlist.strings in Resources */ = {isa = PBXBuildFile; fileRef = 3A4014BE193A44F40017D9CF /* InfoPlist.strings */; };
		3A4014C2193A44F40017D9CF /* SKMechTests.m in Sources */ = {isa = PBXBuildFile; fileRef = 3A4014C1193A44F40017D9CF /* SKMechTests.m */; };
		3A4014DB193A49BC0017D9CF /* SKAction+SKMech.m in Sources */ = {isa = PBXBuildFile; fileRef = 3A4014D9193A49BC0017D9CF /* SKAction+SKMech.m */; };
		3A4014DC193A49BC0017D9CF /* SKAction+SKMech.m in Sources */ = {isa = PBXBuildFile; fileRef = 3A4014D9193A49BC0017D9CF /* SKAction+SKMech.m */; };
		3A4014DD193A49BC0017D9CF /* SKEasing.m in Sources */ = {isa = PBXBuildFile; fileRef = 3A4014DA193A49BC0017D9CF /* SKEasing.m */; };
		3A4014DE193A49BC0017D9CF /* SKEasing.m in Sources */ = {isa = PBXBuildFile; fileRef = 3A4014DA193A49BC0017D9CF /* SKEasing.m */; };
		3A721264193B73CF0015997D /* SKPathTest.m in Sources */ = {isa = PBXBuildFile; fileRef = 3A721263193B73CF0015997D /* SKPathTest.m */; };
		3ABADD75193E936D001BB1A9 /* SKTreeTest.m in Sources */ = {isa = PBXBuildFile; fileRef = 3ABADD74193E936D001BB1A9 /* SKTreeTest.m */; };
		3ABFC1F9193FE0B200C66ED0 /* SKTree.m in Sources */ = {isa = PBXBuildFile; fileRef = 3ABFC1F2193FE0B200C66ED0 /* SKTree.m */; };
		3ABFC1FA193FE0B200C66ED0 /* SKTreeBinary.m in Sources */ = {isa = PBXBuildFile; fileRef = 3ABFC1F4193FE0B200C66ED0 /* SKTreeBinary.m */; };
		3ABFC1FB193FE0B200C66ED0 /* SKTreeBinaryNode.m in Sources */ = {isa = PBXBuildFile; fileRef = 3ABFC1F6193FE0B200C66ED0 /* SKTreeBinaryNode.m */; };
		3ABFC1FC193FE0B200C66ED0 /* SKTreeNode.m in Sources */ = {isa = PBXBuildFile; fileRef = 3ABFC1F8193FE0B200C66ED0 /* SKTreeNode.m */; };
		3AD4F8B8193AB33D00139147 /* SKPath.m in Sources */ = {isa = PBXBuildFile; fileRef = 3AD4F8B7193AB33D00139147 /* SKPath.m */; };
		3AD4F8B9193AB33D00139147 /* SKPath.m in Sources */ = {isa = PBXBuildFile; fileRef = 3AD4F8B7193AB33D00139147 /* SKPath.m */; };
/* End PBXBuildFile section */

/* Begin PBXContainerItemProxy section */
		3A4014B8193A44F40017D9CF /* PBXContainerItemProxy */ = {
			isa = PBXContainerItemProxy;
			containerPortal = 3A40149A193A44F40017D9CF /* Project object */;
			proxyType = 1;
			remoteGlobalIDString = 3A4014A1193A44F40017D9CF;
			remoteInfo = SKMech;
		};
/* End PBXContainerItemProxy section */

/* Begin PBXCopyFilesBuildPhase section */
		3A4014A0193A44F40017D9CF /* CopyFiles */ = {
			isa = PBXCopyFilesBuildPhase;
			buildActionMask = 2147483647;
			dstPath = "include/$(PRODUCT_NAME)";
			dstSubfolderSpec = 16;
			files = (
			);
			runOnlyForDeploymentPostprocessing = 0;
		};
/* End PBXCopyFilesBuildPhase section */

/* Begin PBXFileReference section */
		3A4014A2193A44F40017D9CF /* libSKMech.a */ = {isa = PBXFileReference; explicitFileType = archive.ar; includeInIndex = 0; path = libSKMech.a; sourceTree = BUILT_PRODUCTS_DIR; };
		3A4014A5193A44F40017D9CF /* Foundation.framework */ = {isa = PBXFileReference; lastKnownFileType = wrapper.framework; name = Foundation.framework; path = System/Library/Frameworks/Foundation.framework; sourceTree = SDKROOT; };
		3A4014A9193A44F40017D9CF /* SKMech-Prefix.pch */ = {isa = PBXFileReference; lastKnownFileType = sourcecode.c.h; path = "SKMech-Prefix.pch"; sourceTree = "<group>"; };
		3A4014B2193A44F40017D9CF /* SKMechTests.xctest */ = {isa = PBXFileReference; explicitFileType = wrapper.cfbundle; includeInIndex = 0; path = SKMechTests.xctest; sourceTree = BUILT_PRODUCTS_DIR; };
		3A4014B3193A44F40017D9CF /* XCTest.framework */ = {isa = PBXFileReference; lastKnownFileType = wrapper.framework; name = XCTest.framework; path = Library/Frameworks/XCTest.framework; sourceTree = DEVELOPER_DIR; };
		3A4014B6193A44F40017D9CF /* UIKit.framework */ = {isa = PBXFileReference; lastKnownFileType = wrapper.framework; name = UIKit.framework; path = Library/Frameworks/UIKit.framework; sourceTree = DEVELOPER_DIR; };
		3A4014BD193A44F40017D9CF /* SKMechTests-Info.plist */ = {isa = PBXFileReference; lastKnownFileType = text.plist.xml; path = "SKMechTests-Info.plist"; sourceTree = "<group>"; };
		3A4014BF193A44F40017D9CF /* en */ = {isa = PBXFileReference; lastKnownFileType = text.plist.strings; name = en; path = en.lproj/InfoPlist.strings; sourceTree = "<group>"; };
		3A4014C1193A44F40017D9CF /* SKMechTests.m */ = {isa = PBXFileReference; lastKnownFileType = sourcecode.c.objc; path = SKMechTests.m; sourceTree = "<group>"; };
		3A4014D7193A49BC0017D9CF /* SKAction+SKMech.h */ = {isa = PBXFileReference; fileEncoding = 4; lastKnownFileType = sourcecode.c.h; name = "SKAction+SKMech.h"; path = "Classes/SKAction+SKMech.h"; sourceTree = SOURCE_ROOT; };
		3A4014D8193A49BC0017D9CF /* SKEasing.h */ = {isa = PBXFileReference; fileEncoding = 4; lastKnownFileType = sourcecode.c.h; name = SKEasing.h; path = Classes/SKEasing.h; sourceTree = SOURCE_ROOT; };
		3A4014D9193A49BC0017D9CF /* SKAction+SKMech.m */ = {isa = PBXFileReference; fileEncoding = 4; lastKnownFileType = sourcecode.c.objc; name = "SKAction+SKMech.m"; path = "Classes/SKAction+SKMech.m"; sourceTree = SOURCE_ROOT; };
		3A4014DA193A49BC0017D9CF /* SKEasing.m */ = {isa = PBXFileReference; fileEncoding = 4; lastKnownFileType = sourcecode.c.objc; name = SKEasing.m; path = Classes/SKEasing.m; sourceTree = SOURCE_ROOT; };
		3A721263193B73CF0015997D /* SKPathTest.m */ = {isa = PBXFileReference; fileEncoding = 4; lastKnownFileType = sourcecode.c.objc; path = SKPathTest.m; sourceTree = "<group>"; };
		3ABADD74193E936D001BB1A9 /* SKTreeTest.m */ = {isa = PBXFileReference; fileEncoding = 4; lastKnownFileType = sourcecode.c.objc; path = SKTreeTest.m; sourceTree = "<group>"; };
		3ABFC1F1193FE0B200C66ED0 /* SKTree.h */ = {isa = PBXFileReference; fileEncoding = 4; lastKnownFileType = sourcecode.c.h; path = SKTree.h; sourceTree = "<group>"; };
		3ABFC1F2193FE0B200C66ED0 /* SKTree.m */ = {isa = PBXFileReference; fileEncoding = 4; lastKnownFileType = sourcecode.c.objc; path = SKTree.m; sourceTree = "<group>"; };
		3ABFC1F3193FE0B200C66ED0 /* SKTreeBinary.h */ = {isa = PBXFileReference; fileEncoding = 4; lastKnownFileType = sourcecode.c.h; path = SKTreeBinary.h; sourceTree = "<group>"; };
		3ABFC1F4193FE0B200C66ED0 /* SKTreeBinary.m */ = {isa = PBXFileReference; fileEncoding = 4; lastKnownFileType = sourcecode.c.objc; path = SKTreeBinary.m; sourceTree = "<group>"; };
		3ABFC1F5193FE0B200C66ED0 /* SKTreeBinaryNode.h */ = {isa = PBXFileReference; fileEncoding = 4; lastKnownFileType = sourcecode.c.h; path = SKTreeBinaryNode.h; sourceTree = "<group>"; };
		3ABFC1F6193FE0B200C66ED0 /* SKTreeBinaryNode.m */ = {isa = PBXFileReference; fileEncoding = 4; lastKnownFileType = sourcecode.c.objc; path = SKTreeBinaryNode.m; sourceTree = "<group>"; };
		3ABFC1F7193FE0B200C66ED0 /* SKTreeNode.h */ = {isa = PBXFileReference; fileEncoding = 4; lastKnownFileType = sourcecode.c.h; path = SKTreeNode.h; sourceTree = "<group>"; };
		3ABFC1F8193FE0B200C66ED0 /* SKTreeNode.m */ = {isa = PBXFileReference; fileEncoding = 4; lastKnownFileType = sourcecode.c.objc; path = SKTreeNode.m; sourceTree = "<group>"; };
		3ABFC1FD193FE6A200C66ED0 /* SKMech.podspec */ = {isa = PBXFileReference; fileEncoding = 4; lastKnownFileType = text; path = SKMech.podspec; sourceTree = SOURCE_ROOT; };
		3AC95242193A51F1005DDC36 /* SKMech.h */ = {isa = PBXFileReference; fileEncoding = 4; lastKnownFileType = sourcecode.c.h; name = SKMech.h; path = Classes/SKMech.h; sourceTree = SOURCE_ROOT; };
		3AD4F8B6193AB33D00139147 /* SKPath.h */ = {isa = PBXFileReference; fileEncoding = 4; lastKnownFileType = sourcecode.c.h; name = SKPath.h; path = Classes/SKPath.h; sourceTree = SOURCE_ROOT; };
		3AD4F8B7193AB33D00139147 /* SKPath.m */ = {isa = PBXFileReference; fileEncoding = 4; lastKnownFileType = sourcecode.c.objc; name = SKPath.m; path = Classes/SKPath.m; sourceTree = SOURCE_ROOT; };
/* End PBXFileReference section */

/* Begin PBXFrameworksBuildPhase section */
		3A40149F193A44F40017D9CF /* Frameworks */ = {
			isa = PBXFrameworksBuildPhase;
			buildActionMask = 2147483647;
			files = (
				3A4014A6193A44F40017D9CF /* Foundation.framework in Frameworks */,
			);
			runOnlyForDeploymentPostprocessing = 0;
		};
		3A4014AF193A44F40017D9CF /* Frameworks */ = {
			isa = PBXFrameworksBuildPhase;
			buildActionMask = 2147483647;
			files = (
				3A4014BA193A44F40017D9CF /* libSKMech.a in Frameworks */,
				3A4014B4193A44F40017D9CF /* XCTest.framework in Frameworks */,
				3A4014B7193A44F40017D9CF /* UIKit.framework in Frameworks */,
				3A4014B5193A44F40017D9CF /* Foundation.framework in Frameworks */,
			);
			runOnlyForDeploymentPostprocessing = 0;
		};
/* End PBXFrameworksBuildPhase section */

/* Begin PBXGroup section */
		3A401499193A44F40017D9CF = {
			isa = PBXGroup;
			children = (
				3A4014A7193A44F40017D9CF /* SKMech */,
				3A4014BB193A44F40017D9CF /* SKMechTests */,
				3A4014A4193A44F40017D9CF /* Frameworks */,
				3A4014A3193A44F40017D9CF /* Products */,
			);
			sourceTree = "<group>";
		};
		3A4014A3193A44F40017D9CF /* Products */ = {
			isa = PBXGroup;
			children = (
				3A4014A2193A44F40017D9CF /* libSKMech.a */,
				3A4014B2193A44F40017D9CF /* SKMechTests.xctest */,
			);
			name = Products;
			sourceTree = "<group>";
		};
		3A4014A4193A44F40017D9CF /* Frameworks */ = {
			isa = PBXGroup;
			children = (
				3A4014A5193A44F40017D9CF /* Foundation.framework */,
				3A4014B3193A44F40017D9CF /* XCTest.framework */,
				3A4014B6193A44F40017D9CF /* UIKit.framework */,
			);
			name = Frameworks;
			sourceTree = "<group>";
		};
		3A4014A7193A44F40017D9CF /* SKMech */ = {
			isa = PBXGroup;
			children = (
				3ABADD6A193E4577001BB1A9 /* Library */,
				3A4014D7193A49BC0017D9CF /* SKAction+SKMech.h */,
				3A4014D9193A49BC0017D9CF /* SKAction+SKMech.m */,
				3AD4F8B6193AB33D00139147 /* SKPath.h */,
				3AD4F8B7193AB33D00139147 /* SKPath.m */,
				3AC95242193A51F1005DDC36 /* SKMech.h */,
				3A4014D8193A49BC0017D9CF /* SKEasing.h */,
				3A4014DA193A49BC0017D9CF /* SKEasing.m */,
				3ABFC1FD193FE6A200C66ED0 /* SKMech.podspec */,
				3A4014A8193A44F40017D9CF /* Supporting Files */,
			);
			path = SKMech;
			sourceTree = "<group>";
		};
		3A4014A8193A44F40017D9CF /* Supporting Files */ = {
			isa = PBXGroup;
			children = (
				3A4014A9193A44F40017D9CF /* SKMech-Prefix.pch */,
			);
			name = "Supporting Files";
			sourceTree = "<group>";
		};
		3A4014BB193A44F40017D9CF /* SKMechTests */ = {
			isa = PBXGroup;
			children = (
				3A4014C1193A44F40017D9CF /* SKMechTests.m */,
				3A721263193B73CF0015997D /* SKPathTest.m */,
				3A4014BC193A44F40017D9CF /* Supporting Files */,
				3ABADD74193E936D001BB1A9 /* SKTreeTest.m */,
			);
			path = SKMechTests;
			sourceTree = "<group>";
		};
		3A4014BC193A44F40017D9CF /* Supporting Files */ = {
			isa = PBXGroup;
			children = (
				3A4014BD193A44F40017D9CF /* SKMechTests-Info.plist */,
				3A4014BE193A44F40017D9CF /* InfoPlist.strings */,
			);
			name = "Supporting Files";
			sourceTree = "<group>";
		};
		3ABADD6A193E4577001BB1A9 /* Library */ = {
			isa = PBXGroup;
			children = (
				3ABFC1F0193FE0B200C66ED0 /* Trees */,
			);
			name = Library;
			path = Classes/Library;
			sourceTree = SOURCE_ROOT;
		};
		3ABFC1F0193FE0B200C66ED0 /* Trees */ = {
			isa = PBXGroup;
			children = (
				3ABFC1F1193FE0B200C66ED0 /* SKTree.h */,
				3ABFC1F2193FE0B200C66ED0 /* SKTree.m */,
				3ABFC1F3193FE0B200C66ED0 /* SKTreeBinary.h */,
				3ABFC1F4193FE0B200C66ED0 /* SKTreeBinary.m */,
				3ABFC1F5193FE0B200C66ED0 /* SKTreeBinaryNode.h */,
				3ABFC1F6193FE0B200C66ED0 /* SKTreeBinaryNode.m */,
				3ABFC1F7193FE0B200C66ED0 /* SKTreeNode.h */,
				3ABFC1F8193FE0B200C66ED0 /* SKTreeNode.m */,
			);
			path = Trees;
			sourceTree = "<group>";
		};
/* End PBXGroup section */

/* Begin PBXNativeTarget section */
		3A4014A1193A44F40017D9CF /* SKMech */ = {
			isa = PBXNativeTarget;
			buildConfigurationList = 3A4014C5193A44F40017D9CF /* Build configuration list for PBXNativeTarget "SKMech" */;
			buildPhases = (
				3A40149E193A44F40017D9CF /* Sources */,
				3A40149F193A44F40017D9CF /* Frameworks */,
				3A4014A0193A44F40017D9CF /* CopyFiles */,
			);
			buildRules = (
			);
			dependencies = (
			);
			name = SKMech;
			productName = SKMech;
			productReference = 3A4014A2193A44F40017D9CF /* libSKMech.a */;
			productType = "com.apple.product-type.library.static";
		};
		3A4014B1193A44F40017D9CF /* SKMechTests */ = {
			isa = PBXNativeTarget;
			buildConfigurationList = 3A4014C8193A44F40017D9CF /* Build configuration list for PBXNativeTarget "SKMechTests" */;
			buildPhases = (
				3A4014AE193A44F40017D9CF /* Sources */,
				3A4014AF193A44F40017D9CF /* Frameworks */,
				3A4014B0193A44F40017D9CF /* Resources */,
			);
			buildRules = (
			);
			dependencies = (
				3A4014B9193A44F40017D9CF /* PBXTargetDependency */,
			);
			name = SKMechTests;
			productName = SKMechTests;
			productReference = 3A4014B2193A44F40017D9CF /* SKMechTests.xctest */;
			productType = "com.apple.product-type.bundle.unit-test";
		};
/* End PBXNativeTarget section */

/* Begin PBXProject section */
		3A40149A193A44F40017D9CF /* Project object */ = {
			isa = PBXProject;
			attributes = {
				LastUpgradeCheck = 0510;
				ORGANIZATIONNAME = "Adrian Cooney";
			};
			buildConfigurationList = 3A40149D193A44F40017D9CF /* Build configuration list for PBXProject "SKMech" */;
			compatibilityVersion = "Xcode 3.2";
			developmentRegion = English;
			hasScannedForEncodings = 0;
			knownRegions = (
				en,
			);
			mainGroup = 3A401499193A44F40017D9CF;
			productRefGroup = 3A4014A3193A44F40017D9CF /* Products */;
			projectDirPath = "";
			projectRoot = "";
			targets = (
				3A4014A1193A44F40017D9CF /* SKMech */,
				3A4014B1193A44F40017D9CF /* SKMechTests */,
			);
		};
/* End PBXProject section */

/* Begin PBXResourcesBuildPhase section */
		3A4014B0193A44F40017D9CF /* Resources */ = {
			isa = PBXResourcesBuildPhase;
			buildActionMask = 2147483647;
			files = (
				3A4014C0193A44F40017D9CF /* InfoPlist.strings in Resources */,
			);
			runOnlyForDeploymentPostprocessing = 0;
		};
/* End PBXResourcesBuildPhase section */

/* Begin PBXSourcesBuildPhase section */
		3A40149E193A44F40017D9CF /* Sources */ = {
			isa = PBXSourcesBuildPhase;
			buildActionMask = 2147483647;
			files = (
				3ABFC1FA193FE0B200C66ED0 /* SKTreeBinary.m in Sources */,
				3A4014DD193A49BC0017D9CF /* SKEasing.m in Sources */,
				3ABFC1F9193FE0B200C66ED0 /* SKTree.m in Sources */,
				3A4014DB193A49BC0017D9CF /* SKAction+SKMech.m in Sources */,
				3ABFC1FB193FE0B200C66ED0 /* SKTreeBinaryNode.m in Sources */,
				3ABFC1FC193FE0B200C66ED0 /* SKTreeNode.m in Sources */,
				3AD4F8B8193AB33D00139147 /* SKPath.m in Sources */,
			);
			runOnlyForDeploymentPostprocessing = 0;
		};
		3A4014AE193A44F40017D9CF /* Sources */ = {
			isa = PBXSourcesBuildPhase;
			buildActionMask = 2147483647;
			files = (
				3A4014C2193A44F40017D9CF /* SKMechTests.m in Sources */,
				3A4014DC193A49BC0017D9CF /* SKAction+SKMech.m in Sources */,
				3A721264193B73CF0015997D /* SKPathTest.m in Sources */,
				3AD4F8B9193AB33D00139147 /* SKPath.m in Sources */,
				3A4014DE193A49BC0017D9CF /* SKEasing.m in Sources */,
				3ABADD75193E936D001BB1A9 /* SKTreeTest.m in Sources */,
			);
			runOnlyForDeploymentPostprocessing = 0;
		};
/* End PBXSourcesBuildPhase section */

/* Begin PBXTargetDependency section */
		3A4014B9193A44F40017D9CF /* PBXTargetDependency */ = {
			isa = PBXTargetDependency;
			target = 3A4014A1193A44F40017D9CF /* SKMech */;
			targetProxy = 3A4014B8193A44F40017D9CF /* PBXContainerItemProxy */;
		};
/* End PBXTargetDependency section */

/* Begin PBXVariantGroup section */
		3A4014BE193A44F40017D9CF /* InfoPlist.strings */ = {
			isa = PBXVariantGroup;
			children = (
				3A4014BF193A44F40017D9CF /* en */,
			);
			name = InfoPlist.strings;
			sourceTree = "<group>";
		};
/* End PBXVariantGroup section */

/* Begin XCBuildConfiguration section */
		3A4014C3193A44F40017D9CF /* Debug */ = {
			isa = XCBuildConfiguration;
			buildSettings = {
				ALWAYS_SEARCH_USER_PATHS = NO;
				CLANG_CXX_LANGUAGE_STANDARD = "gnu++0x";
				CLANG_CXX_LIBRARY = "libc++";
				CLANG_ENABLE_MODULES = YES;
				CLANG_ENABLE_OBJC_ARC = YES;
				CLANG_WARN_BOOL_CONVERSION = YES;
				CLANG_WARN_CONSTANT_CONVERSION = YES;
				CLANG_WARN_DIRECT_OBJC_ISA_USAGE = YES_ERROR;
				CLANG_WARN_EMPTY_BODY = YES;
				CLANG_WARN_ENUM_CONVERSION = YES;
				CLANG_WARN_INT_CONVERSION = YES;
				CLANG_WARN_OBJC_ROOT_CLASS = YES_ERROR;
				CLANG_WARN__DUPLICATE_METHOD_MATCH = YES;
				COPY_PHASE_STRIP = NO;
				GCC_C_LANGUAGE_STANDARD = gnu99;
				GCC_DYNAMIC_NO_PIC = NO;
				GCC_OPTIMIZATION_LEVEL = 0;
				GCC_PREPROCESSOR_DEFINITIONS = (
					"DEBUG=1",
					"$(inherited)",
				);
				GCC_SYMBOLS_PRIVATE_EXTERN = NO;
				GCC_WARN_64_TO_32_BIT_CONVERSION = YES;
				GCC_WARN_ABOUT_RETURN_TYPE = YES_ERROR;
				GCC_WARN_UNDECLARED_SELECTOR = YES;
				GCC_WARN_UNINITIALIZED_AUTOS = YES_AGGRESSIVE;
				GCC_WARN_UNUSED_FUNCTION = YES;
				GCC_WARN_UNUSED_VARIABLE = YES;
				IPHONEOS_DEPLOYMENT_TARGET = 7.1;
				ONLY_ACTIVE_ARCH = YES;
				SDKROOT = iphoneos;
			};
			name = Debug;
		};
		3A4014C4193A44F40017D9CF /* Release */ = {
			isa = XCBuildConfiguration;
			buildSettings = {
				ALWAYS_SEARCH_USER_PATHS = NO;
				CLANG_CXX_LANGUAGE_STANDARD = "gnu++0x";
				CLANG_CXX_LIBRARY = "libc++";
				CLANG_ENABLE_MODULES = YES;
				CLANG_ENABLE_OBJC_ARC = YES;
				CLANG_WARN_BOOL_CONVERSION = YES;
				CLANG_WARN_CONSTANT_CONVERSION = YES;
				CLANG_WARN_DIRECT_OBJC_ISA_USAGE = YES_ERROR;
				CLANG_WARN_EMPTY_BODY = YES;
				CLANG_WARN_ENUM_CONVERSION = YES;
				CLANG_WARN_INT_CONVERSION = YES;
				CLANG_WARN_OBJC_ROOT_CLASS = YES_ERROR;
				CLANG_WARN__DUPLICATE_METHOD_MATCH = YES;
				COPY_PHASE_STRIP = YES;
				ENABLE_NS_ASSERTIONS = NO;
				GCC_C_LANGUAGE_STANDARD = gnu99;
				GCC_WARN_64_TO_32_BIT_CONVERSION = YES;
				GCC_WARN_ABOUT_RETURN_TYPE = YES_ERROR;
				GCC_WARN_UNDECLARED_SELECTOR = YES;
				GCC_WARN_UNINITIALIZED_AUTOS = YES_AGGRESSIVE;
				GCC_WARN_UNUSED_FUNCTION = YES;
				GCC_WARN_UNUSED_VARIABLE = YES;
				IPHONEOS_DEPLOYMENT_TARGET = 7.1;
				SDKROOT = iphoneos;
				VALIDATE_PRODUCT = YES;
			};
			name = Release;
		};
		3A4014C6193A44F40017D9CF /* Debug */ = {
			isa = XCBuildConfiguration;
			buildSettings = {
				DSTROOT = /tmp/SKMech.dst;
				GCC_PRECOMPILE_PREFIX_HEADER = YES;
				GCC_PREFIX_HEADER = "SKMech/SKMech-Prefix.pch";
				OTHER_LDFLAGS = "-ObjC";
				PRODUCT_NAME = "$(TARGET_NAME)";
				SKIP_INSTALL = YES;
			};
			name = Debug;
		};
		3A4014C7193A44F40017D9CF /* Release */ = {
			isa = XCBuildConfiguration;
			buildSettings = {
				DSTROOT = /tmp/SKMech.dst;
				GCC_PRECOMPILE_PREFIX_HEADER = YES;
				GCC_PREFIX_HEADER = "SKMech/SKMech-Prefix.pch";
				OTHER_LDFLAGS = "-ObjC";
				PRODUCT_NAME = "$(TARGET_NAME)";
				SKIP_INSTALL = YES;
			};
			name = Release;
		};
		3A4014C9193A44F40017D9CF /* Debug */ = {
			isa = XCBuildConfiguration;
			buildSettings = {
				FRAMEWORK_SEARCH_PATHS = (
					"$(SDKROOT)/Developer/Library/Frameworks",
					"$(inherited)",
					"$(DEVELOPER_FRAMEWORKS_DIR)",
				);
				GCC_PRECOMPILE_PREFIX_HEADER = YES;
				GCC_PREFIX_HEADER = "SKMech/SKMech-Prefix.pch";
				GCC_PREPROCESSOR_DEFINITIONS = (
					"DEBUG=1",
					"$(inherited)",
				);
				INFOPLIST_FILE = "SKMechTests/SKMechTests-Info.plist";
				PRODUCT_NAME = "$(TARGET_NAME)";
				WRAPPER_EXTENSION = xctest;
			};
			name = Debug;
		};
		3A4014CA193A44F40017D9CF /* Release */ = {
			isa = XCBuildConfiguration;
			buildSettings = {
				FRAMEWORK_SEARCH_PATHS = (
					"$(SDKROOT)/Developer/Library/Frameworks",
					"$(inherited)",
					"$(DEVELOPER_FRAMEWORKS_DIR)",
				);
				GCC_PRECOMPILE_PREFIX_HEADER = YES;
				GCC_PREFIX_HEADER = "SKMech/SKMech-Prefix.pch";
				INFOPLIST_FILE = "SKMechTests/SKMechTests-Info.plist";
				PRODUCT_NAME = "$(TARGET_NAME)";
				WRAPPER_EXTENSION = xctest;
			};
			name = Release;
		};
/* End XCBuildConfiguration section */

/* Begin XCConfigurationList section */
		3A40149D193A44F40017D9CF /* Build configuration list for PBXProject "SKMech" */ = {
			isa = XCConfigurationList;
			buildConfigurations = (
				3A4014C3193A44F40017D9CF /* Debug */,
				3A4014C4193A44F40017D9CF /* Release */,
			);
			defaultConfigurationIsVisible = 0;
			defaultConfigurationName = Release;
		};
		3A4014C5193A44F40017D9CF /* Build configuration list for PBXNativeTarget "SKMech" */ = {
			isa = XCConfigurationList;
			buildConfigurations = (
				3A4014C6193A44F40017D9CF /* Debug */,
				3A4014C7193A44F40017D9CF /* Release */,
			);
			defaultConfigurationIsVisible = 0;
			defaultConfigurationName = Release;
		};
		3A4014C8193A44F40017D9CF /* Build configuration list for PBXNativeTarget "SKMechTests" */ = {
			isa = XCConfigurationList;
			buildConfigurations = (
				3A4014C9193A44F40017D9CF /* Debug */,
				3A4014CA193A44F40017D9CF /* Release */,
			);
			defaultConfigurationIsVisible = 0;
			defaultConfigurationName = Release;
		};
/* End XCConfigurationList section */
	};
	rootObject = 3A40149A193A44F40017D9CF /* Project object */;
}
